// !$*UTF8*$!
{
	archiveVersion = 1;
	classes = {
	};
	objectVersion = 55;
	objects = {

/* Begin PBXBuildFile section */
		A39522272BA4484500A268C2 /* Otp.swift in Sources */ = {isa = PBXBuildFile; fileRef = A39522262BA4484500A268C2 /* Otp.swift */; };
		A3990ACA2BA40A5F00DEC483 /* Post_SwiftUIApp.swift in Sources */ = {isa = PBXBuildFile; fileRef = A3990AC92BA40A5F00DEC483 /* Post_SwiftUIApp.swift */; };
		A3990ACC2BA40A5F00DEC483 /* ContentView.swift in Sources */ = {isa = PBXBuildFile; fileRef = A3990ACB2BA40A5F00DEC483 /* ContentView.swift */; };
		A3990ACE2BA40A6000DEC483 /* Assets.xcassets in Resources */ = {isa = PBXBuildFile; fileRef = A3990ACD2BA40A6000DEC483 /* Assets.xcassets */; };
		A3990AD12BA40A6000DEC483 /* Preview Assets.xcassets in Resources */ = {isa = PBXBuildFile; fileRef = A3990AD02BA40A6000DEC483 /* Preview Assets.xcassets */; };
		A3990AD92BA40AD700DEC483 /* signup.swift in Sources */ = {isa = PBXBuildFile; fileRef = A3990AD82BA40AD700DEC483 /* signup.swift */; };
		A3990ADE2BA40C2000DEC483 /* SignUp.swift in Sources */ = {isa = PBXBuildFile; fileRef = A3990ADD2BA40C2000DEC483 /* SignUp.swift */; };
		A3990AE02BA4103800DEC483 /* Login.swift in Sources */ = {isa = PBXBuildFile; fileRef = A3990ADF2BA4103800DEC483 /* Login.swift */; };
		A3990AE22BA412BD00DEC483 /* Welcome.swift in Sources */ = {isa = PBXBuildFile; fileRef = A3990AE12BA412BD00DEC483 /* Welcome.swift */; };
		A3990AE42BA413FC00DEC483 /* login.swift in Sources */ = {isa = PBXBuildFile; fileRef = A3990AE32BA413FC00DEC483 /* login.swift */; };
/* End PBXBuildFile section */

/* Begin PBXFileReference section */
		A39522262BA4484500A268C2 /* Otp.swift */ = {isa = PBXFileReference; lastKnownFileType = sourcecode.swift; path = Otp.swift; sourceTree = "<group>"; };
		A3990AC62BA40A5F00DEC483 /* Post_SwiftUI.app */ = {isa = PBXFileReference; explicitFileType = wrapper.application; includeInIndex = 0; path = Post_SwiftUI.app; sourceTree = BUILT_PRODUCTS_DIR; };
		A3990AC92BA40A5F00DEC483 /* Post_SwiftUIApp.swift */ = {isa = PBXFileReference; lastKnownFileType = sourcecode.swift; path = Post_SwiftUIApp.swift; sourceTree = "<group>"; };
		A3990ACB2BA40A5F00DEC483 /* ContentView.swift */ = {isa = PBXFileReference; lastKnownFileType = sourcecode.swift; path = ContentView.swift; sourceTree = "<group>"; };
		A3990ACD2BA40A6000DEC483 /* Assets.xcassets */ = {isa = PBXFileReference; lastKnownFileType = folder.assetcatalog; path = Assets.xcassets; sourceTree = "<group>"; };
		A3990AD02BA40A6000DEC483 /* Preview Assets.xcassets */ = {isa = PBXFileReference; lastKnownFileType = folder.assetcatalog; path = "Preview Assets.xcassets"; sourceTree = "<group>"; };
		A3990AD82BA40AD700DEC483 /* signup.swift */ = {isa = PBXFileReference; lastKnownFileType = sourcecode.swift; path = signup.swift; sourceTree = "<group>"; };
		A3990ADD2BA40C2000DEC483 /* SignUp.swift */ = {isa = PBXFileReference; lastKnownFileType = sourcecode.swift; path = SignUp.swift; sourceTree = "<group>"; };
		A3990ADF2BA4103800DEC483 /* Login.swift */ = {isa = PBXFileReference; lastKnownFileType = sourcecode.swift; path = Login.swift; sourceTree = "<group>"; };
		A3990AE12BA412BD00DEC483 /* Welcome.swift */ = {isa = PBXFileReference; lastKnownFileType = sourcecode.swift; path = Welcome.swift; sourceTree = "<group>"; };
		A3990AE32BA413FC00DEC483 /* login.swift */ = {isa = PBXFileReference; lastKnownFileType = sourcecode.swift; path = login.swift; sourceTree = "<group>"; };
/* End PBXFileReference section */

/* Begin PBXFrameworksBuildPhase section */
		A3990AC32BA40A5F00DEC483 /* Frameworks */ = {
			isa = PBXFrameworksBuildPhase;
			buildActionMask = 2147483647;
			files = (
			);
			runOnlyForDeploymentPostprocessing = 0;
		};
/* End PBXFrameworksBuildPhase section */

/* Begin PBXGroup section */
		A3990ABD2BA40A5F00DEC483 = {
			isa = PBXGroup;
			children = (
				A3990AC82BA40A5F00DEC483 /* Post_SwiftUI */,
				A3990AC72BA40A5F00DEC483 /* Products */,
			);
			sourceTree = "<group>";
		};
		A3990AC72BA40A5F00DEC483 /* Products */ = {
			isa = PBXGroup;
			children = (
				A3990AC62BA40A5F00DEC483 /* Post_SwiftUI.app */,
			);
			name = Products;
			sourceTree = "<group>";
		};
		A3990AC82BA40A5F00DEC483 /* Post_SwiftUI */ = {
			isa = PBXGroup;
			children = (
				A3990ADA2BA40B2A00DEC483 /* View */,
				A3990AD72BA40ABC00DEC483 /* Model */,
				A3990AC92BA40A5F00DEC483 /* Post_SwiftUIApp.swift */,
				A3990ACD2BA40A6000DEC483 /* Assets.xcassets */,
				A3990ACF2BA40A6000DEC483 /* Preview Content */,
			);
			path = Post_SwiftUI;
			sourceTree = "<group>";
		};
		A3990ACF2BA40A6000DEC483 /* Preview Content */ = {
			isa = PBXGroup;
			children = (
				A3990AD02BA40A6000DEC483 /* Preview Assets.xcassets */,
			);
			path = "Preview Content";
			sourceTree = "<group>";
		};
		A3990AD72BA40ABC00DEC483 /* Model */ = {
			isa = PBXGroup;
			children = (
				A3990AD82BA40AD700DEC483 /* signup.swift */,
				A3990AE32BA413FC00DEC483 /* login.swift */,
			);
			path = Model;
			sourceTree = "<group>";
		};
		A3990ADA2BA40B2A00DEC483 /* View */ = {
			isa = PBXGroup;
			children = (
				A3990ACB2BA40A5F00DEC483 /* ContentView.swift */,
				A3990ADD2BA40C2000DEC483 /* SignUp.swift */,
				A3990ADF2BA4103800DEC483 /* Login.swift */,
				A3990AE12BA412BD00DEC483 /* Welcome.swift */,
				A39522262BA4484500A268C2 /* Otp.swift */,
			);
			path = View;
			sourceTree = "<group>";
		};
/* End PBXGroup section */

/* Begin PBXNativeTarget section */
		A3990AC52BA40A5F00DEC483 /* Post_SwiftUI */ = {
			isa = PBXNativeTarget;
			buildConfigurationList = A3990AD42BA40A6000DEC483 /* Build configuration list for PBXNativeTarget "Post_SwiftUI" */;
			buildPhases = (
				A3990AC22BA40A5F00DEC483 /* Sources */,
				A3990AC32BA40A5F00DEC483 /* Frameworks */,
				A3990AC42BA40A5F00DEC483 /* Resources */,
			);
			buildRules = (
			);
			dependencies = (
			);
			name = Post_SwiftUI;
			productName = Post_SwiftUI;
			productReference = A3990AC62BA40A5F00DEC483 /* Post_SwiftUI.app */;
			productType = "com.apple.product-type.application";
		};
/* End PBXNativeTarget section */

/* Begin PBXProject section */
		A3990ABE2BA40A5F00DEC483 /* Project object */ = {
			isa = PBXProject;
			attributes = {
				BuildIndependentTargetsInParallel = 1;
				LastSwiftUpdateCheck = 1310;
				LastUpgradeCheck = 1310;
				TargetAttributes = {
					A3990AC52BA40A5F00DEC483 = {
						CreatedOnToolsVersion = 13.1;
					};
				};
			};
			buildConfigurationList = A3990AC12BA40A5F00DEC483 /* Build configuration list for PBXProject "Post_SwiftUI" */;
			compatibilityVersion = "Xcode 13.0";
			developmentRegion = en;
			hasScannedForEncodings = 0;
			knownRegions = (
				en,
				Base,
			);
			mainGroup = A3990ABD2BA40A5F00DEC483;
			productRefGroup = A3990AC72BA40A5F00DEC483 /* Products */;
			projectDirPath = "";
			projectRoot = "";
			targets = (
				A3990AC52BA40A5F00DEC483 /* Post_SwiftUI */,
			);
		};
/* End PBXProject section */

/* Begin PBXResourcesBuildPhase section */
		A3990AC42BA40A5F00DEC483 /* Resources */ = {
			isa = PBXResourcesBuildPhase;
			buildActionMask = 2147483647;
			files = (
				A3990AD12BA40A6000DEC483 /* Preview Assets.xcassets in Resources */,
				A3990ACE2BA40A6000DEC483 /* Assets.xcassets in Resources */,
			);
			runOnlyForDeploymentPostprocessing = 0;
		};
/* End PBXResourcesBuildPhase section */

/* Begin PBXSourcesBuildPhase section */
		A3990AC22BA40A5F00DEC483 /* Sources */ = {
			isa = PBXSourcesBuildPhase;
			buildActionMask = 2147483647;
			files = (
				A3990AD92BA40AD700DEC483 /* signup.swift in Sources */,
				A3990AE02BA4103800DEC483 /* Login.swift in Sources */,
				A3990ADE2BA40C2000DEC483 /* SignUp.swift in Sources */,
				A3990ACC2BA40A5F00DEC483 /* ContentView.swift in Sources */,
				A3990AE22BA412BD00DEC483 /* Welcome.swift in Sources */,
				A3990AE42BA413FC00DEC483 /* login.swift in Sources */,
				A3990ACA2BA40A5F00DEC483 /* Post_SwiftUIApp.swift in Sources */,
				A39522272BA4484500A268C2 /* Otp.swift in Sources */,
			);
			runOnlyForDeploymentPostprocessing = 0;
		};
/* End PBXSourcesBuildPhase section */

/* Begin XCBuildConfiguration section */
		A3990AD22BA40A6000DEC483 /* Debug */ = {
			isa = XCBuildConfiguration;
			buildSettings = {
				ALWAYS_SEARCH_USER_PATHS = NO;
				CLANG_ANALYZER_NONNULL = YES;
				CLANG_ANALYZER_NUMBER_OBJECT_CONVERSION = YES_AGGRESSIVE;
				CLANG_CXX_LANGUAGE_STANDARD = "gnu++17";
				CLANG_CXX_LIBRARY = "libc++";
				CLANG_ENABLE_MODULES = YES;
				CLANG_ENABLE_OBJC_ARC = YES;
				CLANG_ENABLE_OBJC_WEAK = YES;
				CLANG_WARN_BLOCK_CAPTURE_AUTORELEASING = YES;
				CLANG_WARN_BOOL_CONVERSION = YES;
				CLANG_WARN_COMMA = YES;
				CLANG_WARN_CONSTANT_CONVERSION = YES;
				CLANG_WARN_DEPRECATED_OBJC_IMPLEMENTATIONS = YES;
				CLANG_WARN_DIRECT_OBJC_ISA_USAGE = YES_ERROR;
				CLANG_WARN_DOCUMENTATION_COMMENTS = YES;
				CLANG_WARN_EMPTY_BODY = YES;
				CLANG_WARN_ENUM_CONVERSION = YES;
				CLANG_WARN_INFINITE_RECURSION = YES;
				CLANG_WARN_INT_CONVERSION = YES;
				CLANG_WARN_NON_LITERAL_NULL_CONVERSION = YES;
				CLANG_WARN_OBJC_IMPLICIT_RETAIN_SELF = YES;
				CLANG_WARN_OBJC_LITERAL_CONVERSION = YES;
				CLANG_WARN_OBJC_ROOT_CLASS = YES_ERROR;
				CLANG_WARN_QUOTED_INCLUDE_IN_FRAMEWORK_HEADER = YES;
				CLANG_WARN_RANGE_LOOP_ANALYSIS = YES;
				CLANG_WARN_STRICT_PROTOTYPES = YES;
				CLANG_WARN_SUSPICIOUS_MOVE = YES;
				CLANG_WARN_UNGUARDED_AVAILABILITY = YES_AGGRESSIVE;
				CLANG_WARN_UNREACHABLE_CODE = YES;
				CLANG_WARN__DUPLICATE_METHOD_MATCH = YES;
				COPY_PHASE_STRIP = NO;
				DEBUG_INFORMATION_FORMAT = dwarf;
				ENABLE_STRICT_OBJC_MSGSEND = YES;
				ENABLE_TESTABILITY = YES;
				GCC_C_LANGUAGE_STANDARD = gnu11;
				GCC_DYNAMIC_NO_PIC = NO;
				GCC_NO_COMMON_BLOCKS = YES;
				GCC_OPTIMIZATION_LEVEL = 0;
				GCC_PREPROCESSOR_DEFINITIONS = (
					"DEBUG=1",
					"$(inherited)",
				);
				GCC_WARN_64_TO_32_BIT_CONVERSION = YES;
				GCC_WARN_ABOUT_RETURN_TYPE = YES_ERROR;
				GCC_WARN_UNDECLARED_SELECTOR = YES;
				GCC_WARN_UNINITIALIZED_AUTOS = YES_AGGRESSIVE;
				GCC_WARN_UNUSED_FUNCTION = YES;
				GCC_WARN_UNUSED_VARIABLE = YES;
				IPHONEOS_DEPLOYMENT_TARGET = 15.0;
				MTL_ENABLE_DEBUG_INFO = INCLUDE_SOURCE;
				MTL_FAST_MATH = YES;
				ONLY_ACTIVE_ARCH = YES;
				SDKROOT = iphoneos;
				SWIFT_ACTIVE_COMPILATION_CONDITIONS = DEBUG;
				SWIFT_OPTIMIZATION_LEVEL = "-Onone";
			};
			name = Debug;
		};
		A3990AD32BA40A6000DEC483 /* Release */ = {
			isa = XCBuildConfiguration;
			buildSettings = {
				ALWAYS_SEARCH_USER_PATHS = NO;
				CLANG_ANALYZER_NONNULL = YES;
				CLANG_ANALYZER_NUMBER_OBJECT_CONVERSION = YES_AGGRESSIVE;
				CLANG_CXX_LANGUAGE_STANDARD = "gnu++17";
				CLANG_CXX_LIBRARY = "libc++";
				CLANG_ENABLE_MODULES = YES;
				CLANG_ENABLE_OBJC_ARC = YES;
				CLANG_ENABLE_OBJC_WEAK = YES;
				CLANG_WARN_BLOCK_CAPTURE_AUTORELEASING = YES;
				CLANG_WARN_BOOL_CONVERSION = YES;
				CLANG_WARN_COMMA = YES;
				CLANG_WARN_CONSTANT_CONVERSION = YES;
				CLANG_WARN_DEPRECATED_OBJC_IMPLEMENTATIONS = YES;
				CLANG_WARN_DIRECT_OBJC_ISA_USAGE = YES_ERROR;
				CLANG_WARN_DOCUMENTATION_COMMENTS = YES;
				CLANG_WARN_EMPTY_BODY = YES;
				CLANG_WARN_ENUM_CONVERSION = YES;
				CLANG_WARN_INFINITE_RECURSION = YES;
				CLANG_WARN_INT_CONVERSION = YES;
				CLANG_WARN_NON_LITERAL_NULL_CONVERSION = YES;
				CLANG_WARN_OBJC_IMPLICIT_RETAIN_SELF = YES;
				CLANG_WARN_OBJC_LITERAL_CONVERSION = YES;
				CLANG_WARN_OBJC_ROOT_CLASS = YES_ERROR;
				CLANG_WARN_QUOTED_INCLUDE_IN_FRAMEWORK_HEADER = YES;
				CLANG_WARN_RANGE_LOOP_ANALYSIS = YES;
				CLANG_WARN_STRICT_PROTOTYPES = YES;
				CLANG_WARN_SUSPICIOUS_MOVE = YES;
				CLANG_WARN_UNGUARDED_AVAILABILITY = YES_AGGRESSIVE;
				CLANG_WARN_UNREACHABLE_CODE = YES;
				CLANG_WARN__DUPLICATE_METHOD_MATCH = YES;
				COPY_PHASE_STRIP = NO;
				DEBUG_INFORMATION_FORMAT = "dwarf-with-dsym";
				ENABLE_NS_ASSERTIONS = NO;
				ENABLE_STRICT_OBJC_MSGSEND = YES;
				GCC_C_LANGUAGE_STANDARD = gnu11;
				GCC_NO_COMMON_BLOCKS = YES;
				GCC_WARN_64_TO_32_BIT_CONVERSION = YES;
				GCC_WARN_ABOUT_RETURN_TYPE = YES_ERROR;
				GCC_WARN_UNDECLARED_SELECTOR = YES;
				GCC_WARN_UNINITIALIZED_AUTOS = YES_AGGRESSIVE;
				GCC_WARN_UNUSED_FUNCTION = YES;
				GCC_WARN_UNUSED_VARIABLE = YES;
				IPHONEOS_DEPLOYMENT_TARGET = 15.0;
				MTL_ENABLE_DEBUG_INFO = NO;
				MTL_FAST_MATH = YES;
				SDKROOT = iphoneos;
				SWIFT_COMPILATION_MODE = wholemodule;
				SWIFT_OPTIMIZATION_LEVEL = "-O";
				VALIDATE_PRODUCT = YES;
			};
			name = Release;
		};
		A3990AD52BA40A6000DEC483 /* Debug */ = {
			isa = XCBuildConfiguration;
			buildSettings = {
				ASSETCATALOG_COMPILER_APPICON_NAME = AppIcon;
				ASSETCATALOG_COMPILER_GLOBAL_ACCENT_COLOR_NAME = AccentColor;
				CODE_SIGN_STYLE = Automatic;
				CURRENT_PROJECT_VERSION = 1;
				DEVELOPMENT_ASSET_PATHS = "\"Post_SwiftUI/Preview Content\"";
				ENABLE_PREVIEWS = YES;
				GENERATE_INFOPLIST_FILE = YES;
				INFOPLIST_KEY_UIApplicationSceneManifest_Generation = YES;
				INFOPLIST_KEY_UIApplicationSupportsIndirectInputEvents = YES;
				INFOPLIST_KEY_UILaunchScreen_Generation = YES;
				INFOPLIST_KEY_UISupportedInterfaceOrientations_iPad = "UIInterfaceOrientationPortrait UIInterfaceOrientationPortraitUpsideDown UIInterfaceOrientationLandscapeLeft UIInterfaceOrientationLandscapeRight";
				INFOPLIST_KEY_UISupportedInterfaceOrientations_iPhone = "UIInterfaceOrientationPortrait UIInterfaceOrientationLandscapeLeft UIInterfaceOrientationLandscapeRight";
				LD_RUNPATH_SEARCH_PATHS = (
					"$(inherited)",
					"@executable_path/Frameworks",
				);
				MARKETING_VERSION = 1.0;
				PRODUCT_BUNDLE_IDENTIFIER = "com.company.Post-SwiftUI";
				PRODUCT_NAME = "$(TARGET_NAME)";
				SWIFT_EMIT_LOC_STRINGS = YES;
				SWIFT_VERSION = 5.0;
				TARGETED_DEVICE_FAMILY = "1,2";
			};
			name = Debug;
		};
		A3990AD62BA40A6000DEC483 /* Release */ = {
			isa = XCBuildConfiguration;
			buildSettings = {
				ASSETCATALOG_COMPILER_APPICON_NAME = AppIcon;
				ASSETCATALOG_COMPILER_GLOBAL_ACCENT_COLOR_NAME = AccentColor;
				CODE_SIGN_STYLE = Automatic;
				CURRENT_PROJECT_VERSION = 1;
				DEVELOPMENT_ASSET_PATHS = "\"Post_SwiftUI/Preview Content\"";
				ENABLE_PREVIEWS = YES;
				GENERATE_INFOPLIST_FILE = YES;
				INFOPLIST_KEY_UIApplicationSceneManifest_Generation = YES;
				INFOPLIST_KEY_UIApplicationSupportsIndirectInputEvents = YES;
				INFOPLIST_KEY_UILaunchScreen_Generation = YES;
				INFOPLIST_KEY_UISupportedInterfaceOrientations_iPad = "UIInterfaceOrientationPortrait UIInterfaceOrientationPortraitUpsideDown UIInterfaceOrientationLandscapeLeft UIInterfaceOrientationLandscapeRight";
				INFOPLIST_KEY_UISupportedInterfaceOrientations_iPhone = "UIInterfaceOrientationPortrait UIInterfaceOrientationLandscapeLeft UIInterfaceOrientationLandscapeRight";
				LD_RUNPATH_SEARCH_PATHS = (
					"$(inherited)",
					"@executable_path/Frameworks",
				);
				MARKETING_VERSION = 1.0;
				PRODUCT_BUNDLE_IDENTIFIER = "com.company.Post-SwiftUI";
				PRODUCT_NAME = "$(TARGET_NAME)";
				SWIFT_EMIT_LOC_STRINGS = YES;
				SWIFT_VERSION = 5.0;
				TARGETED_DEVICE_FAMILY = "1,2";
			};
			name = Release;
		};
/* End XCBuildConfiguration section */

/* Begin XCConfigurationList section */
		A3990AC12BA40A5F00DEC483 /* Build configuration list for PBXProject "Post_SwiftUI" */ = {
			isa = XCConfigurationList;
			buildConfigurations = (
				A3990AD22BA40A6000DEC483 /* Debug */,
				A3990AD32BA40A6000DEC483 /* Release */,
			);
			defaultConfigurationIsVisible = 0;
			defaultConfigurationName = Release;
		};
		A3990AD42BA40A6000DEC483 /* Build configuration list for PBXNativeTarget "Post_SwiftUI" */ = {
			isa = XCConfigurationList;
			buildConfigurations = (
				A3990AD52BA40A6000DEC483 /* Debug */,
				A3990AD62BA40A6000DEC483 /* Release */,
			);
			defaultConfigurationIsVisible = 0;
			defaultConfigurationName = Release;
		};
/* End XCConfigurationList section */
	};
	rootObject = A3990ABE2BA40A5F00DEC483 /* Project object */;
}
